// !$*UTF8*$!
{
	archiveVersion = 1;
	classes = {
	};
	objectVersion = 46;
	objects = {

/* Begin PBXBuildFile section */
		528C0AE81734703A00DD5225 /* GlossaryInfoViewController.m in Sources */ = {isa = PBXBuildFile; fileRef = 528C0AE71734703A00DD5225 /* GlossaryInfoViewController.m */; };
		528C0AEA173474F300DD5225 /* terms.plist in Resources */ = {isa = PBXBuildFile; fileRef = 528C0AE9173474F300DD5225 /* terms.plist */; };
		528C0AEC17347B8300DD5225 /* Selected.plist in Resources */ = {isa = PBXBuildFile; fileRef = 528C0AEB17347B8300DD5225 /* Selected.plist */; };
		52EE2C1217314B7B00E6EF41 /* GlossaryViewController.m in Sources */ = {isa = PBXBuildFile; fileRef = 52EE2C1117314B7B00E6EF41 /* GlossaryViewController.m */; };
		52EE2C1517314B9400E6EF41 /* ModelsViewController.m in Sources */ = {isa = PBXBuildFile; fileRef = 52EE2C1417314B9400E6EF41 /* ModelsViewController.m */; };
		52F589FE17393282000B70BD /* Terms.m in Sources */ = {isa = PBXBuildFile; fileRef = 52F589FD17393282000B70BD /* Terms.m */; };
		B3609BA217312481003A9744 /* UIKit.framework in Frameworks */ = {isa = PBXBuildFile; fileRef = B3609BA117312481003A9744 /* UIKit.framework */; };
		B3609BA417312481003A9744 /* Foundation.framework in Frameworks */ = {isa = PBXBuildFile; fileRef = B3609BA317312481003A9744 /* Foundation.framework */; };
		B3609BA617312481003A9744 /* CoreGraphics.framework in Frameworks */ = {isa = PBXBuildFile; fileRef = B3609BA517312481003A9744 /* CoreGraphics.framework */; };
		B3609BAC17312481003A9744 /* InfoPlist.strings in Resources */ = {isa = PBXBuildFile; fileRef = B3609BAA17312481003A9744 /* InfoPlist.strings */; };
		B3609BAE17312481003A9744 /* main.m in Sources */ = {isa = PBXBuildFile; fileRef = B3609BAD17312481003A9744 /* main.m */; };
		B3609BB217312481003A9744 /* AppDelegate.m in Sources */ = {isa = PBXBuildFile; fileRef = B3609BB117312481003A9744 /* AppDelegate.m */; };
		B3609BB417312481003A9744 /* Default.png in Resources */ = {isa = PBXBuildFile; fileRef = B3609BB317312481003A9744 /* Default.png */; };
		B3609BB617312481003A9744 /* Default@2x.png in Resources */ = {isa = PBXBuildFile; fileRef = B3609BB517312481003A9744 /* Default@2x.png */; };
		B3609BB817312481003A9744 /* Default-568h@2x.png in Resources */ = {isa = PBXBuildFile; fileRef = B3609BB717312481003A9744 /* Default-568h@2x.png */; };
		B3609BBB17312481003A9744 /* MainStoryboard_iPhone.storyboard in Resources */ = {isa = PBXBuildFile; fileRef = B3609BB917312481003A9744 /* MainStoryboard_iPhone.storyboard */; };
		B3609BBE17312481003A9744 /* MainStoryboard_iPad.storyboard in Resources */ = {isa = PBXBuildFile; fileRef = B3609BBC17312481003A9744 /* MainStoryboard_iPad.storyboard */; };
		B3609BC117312481003A9744 /* FirstviewViewController.m in Sources */ = {isa = PBXBuildFile; fileRef = B3609BC017312481003A9744 /* FirstviewViewController.m */; };
		B3609BC317312481003A9744 /* first.png in Resources */ = {isa = PBXBuildFile; fileRef = B3609BC217312481003A9744 /* first.png */; };
		B3609BC517312481003A9744 /* first@2x.png in Resources */ = {isa = PBXBuildFile; fileRef = B3609BC417312481003A9744 /* first@2x.png */; };
		B3609BC817312481003A9744 /* SecondViewController.m in Sources */ = {isa = PBXBuildFile; fileRef = B3609BC717312481003A9744 /* SecondViewController.m */; };
		B3609BCA17312481003A9744 /* second.png in Resources */ = {isa = PBXBuildFile; fileRef = B3609BC917312481003A9744 /* second.png */; };
		B3609BCC17312481003A9744 /* second@2x.png in Resources */ = {isa = PBXBuildFile; fileRef = B3609BCB17312481003A9744 /* second@2x.png */; };
		B3609BD417312481003A9744 /* SenTestingKit.framework in Frameworks */ = {isa = PBXBuildFile; fileRef = B3609BD317312481003A9744 /* SenTestingKit.framework */; };
		B3609BD517312481003A9744 /* UIKit.framework in Frameworks */ = {isa = PBXBuildFile; fileRef = B3609BA117312481003A9744 /* UIKit.framework */; };
		B3609BD617312481003A9744 /* Foundation.framework in Frameworks */ = {isa = PBXBuildFile; fileRef = B3609BA317312481003A9744 /* Foundation.framework */; };
		B3609BDE17312481003A9744 /* InfoPlist.strings in Resources */ = {isa = PBXBuildFile; fileRef = B3609BDC17312481003A9744 /* InfoPlist.strings */; };
		B3609BE117312481003A9744 /* Scientific_MethodTests.m in Sources */ = {isa = PBXBuildFile; fileRef = B3609BE017312481003A9744 /* Scientific_MethodTests.m */; };
		B366A60817314C7D003CF7B5 /* Icon@2x.png in Resources */ = {isa = PBXBuildFile; fileRef = B366A60717314C7D003CF7B5 /* Icon@2x.png */; };
		B366A60A17314D6E003CF7B5 /* Icon.png in Resources */ = {isa = PBXBuildFile; fileRef = B366A60917314D6E003CF7B5 /* Icon.png */; };
/* End PBXBuildFile section */

/* Begin PBXContainerItemProxy section */
		B3609BD717312481003A9744 /* PBXContainerItemProxy */ = {
			isa = PBXContainerItemProxy;
			containerPortal = B3609B9617312481003A9744 /* Project object */;
			proxyType = 1;
			remoteGlobalIDString = B3609B9D17312481003A9744;
			remoteInfo = "Scientific Method";
		};
/* End PBXContainerItemProxy section */

/* Begin PBXFileReference section */
		528C0AE61734703A00DD5225 /* GlossaryInfoViewController.h */ = {isa = PBXFileReference; fileEncoding = 4; lastKnownFileType = sourcecode.c.h; path = GlossaryInfoViewController.h; sourceTree = "<group>"; };
		528C0AE71734703A00DD5225 /* GlossaryInfoViewController.m */ = {isa = PBXFileReference; fileEncoding = 4; lastKnownFileType = sourcecode.c.objc; path = GlossaryInfoViewController.m; sourceTree = "<group>"; };
		528C0AE9173474F300DD5225 /* terms.plist */ = {isa = PBXFileReference; fileEncoding = 4; lastKnownFileType = text.plist.xml; path = terms.plist; sourceTree = "<group>"; };
		528C0AEB17347B8300DD5225 /* Selected.plist */ = {isa = PBXFileReference; fileEncoding = 4; lastKnownFileType = text.plist.xml; path = Selected.plist; sourceTree = "<group>"; };
		52EE2C1017314B7B00E6EF41 /* GlossaryViewController.h */ = {isa = PBXFileReference; fileEncoding = 4; lastKnownFileType = sourcecode.c.h; path = GlossaryViewController.h; sourceTree = "<group>"; };
		52EE2C1117314B7B00E6EF41 /* GlossaryViewController.m */ = {isa = PBXFileReference; fileEncoding = 4; lastKnownFileType = sourcecode.c.objc; path = GlossaryViewController.m; sourceTree = "<group>"; };
		52EE2C1317314B9400E6EF41 /* ModelsViewController.h */ = {isa = PBXFileReference; fileEncoding = 4; lastKnownFileType = sourcecode.c.h; path = ModelsViewController.h; sourceTree = "<group>"; };
		52EE2C1417314B9400E6EF41 /* ModelsViewController.m */ = {isa = PBXFileReference; fileEncoding = 4; lastKnownFileType = sourcecode.c.objc; path = ModelsViewController.m; sourceTree = "<group>"; };
		52F589FC17393282000B70BD /* Terms.h */ = {isa = PBXFileReference; fileEncoding = 4; lastKnownFileType = sourcecode.c.h; path = Terms.h; sourceTree = "<group>"; };
		52F589FD17393282000B70BD /* Terms.m */ = {isa = PBXFileReference; fileEncoding = 4; lastKnownFileType = sourcecode.c.objc; path = Terms.m; sourceTree = "<group>"; };
		B3609B9E17312481003A9744 /* Scientific Method.app */ = {isa = PBXFileReference; explicitFileType = wrapper.application; includeInIndex = 0; path = "Scientific Method.app"; sourceTree = BUILT_PRODUCTS_DIR; };
		B3609BA117312481003A9744 /* UIKit.framework */ = {isa = PBXFileReference; lastKnownFileType = wrapper.framework; name = UIKit.framework; path = System/Library/Frameworks/UIKit.framework; sourceTree = SDKROOT; };
		B3609BA317312481003A9744 /* Foundation.framework */ = {isa = PBXFileReference; lastKnownFileType = wrapper.framework; name = Foundation.framework; path = System/Library/Frameworks/Foundation.framework; sourceTree = SDKROOT; };
		B3609BA517312481003A9744 /* CoreGraphics.framework */ = {isa = PBXFileReference; lastKnownFileType = wrapper.framework; name = CoreGraphics.framework; path = System/Library/Frameworks/CoreGraphics.framework; sourceTree = SDKROOT; };
		B3609BA917312481003A9744 /* Scientific Method-Info.plist */ = {isa = PBXFileReference; lastKnownFileType = text.plist.xml; path = "Scientific Method-Info.plist"; sourceTree = "<group>"; };
		B3609BAB17312481003A9744 /* en */ = {isa = PBXFileReference; lastKnownFileType = text.plist.strings; name = en; path = en.lproj/InfoPlist.strings; sourceTree = "<group>"; };
		B3609BAD17312481003A9744 /* main.m */ = {isa = PBXFileReference; lastKnownFileType = sourcecode.c.objc; path = main.m; sourceTree = "<group>"; };
		B3609BAF17312481003A9744 /* Scientific Method-Prefix.pch */ = {isa = PBXFileReference; lastKnownFileType = sourcecode.c.h; path = "Scientific Method-Prefix.pch"; sourceTree = "<group>"; };
		B3609BB017312481003A9744 /* AppDelegate.h */ = {isa = PBXFileReference; lastKnownFileType = sourcecode.c.h; path = AppDelegate.h; sourceTree = "<group>"; };
		B3609BB117312481003A9744 /* AppDelegate.m */ = {isa = PBXFileReference; lastKnownFileType = sourcecode.c.objc; path = AppDelegate.m; sourceTree = "<group>"; };
		B3609BB317312481003A9744 /* Default.png */ = {isa = PBXFileReference; lastKnownFileType = image.png; path = Default.png; sourceTree = "<group>"; };
		B3609BB517312481003A9744 /* Default@2x.png */ = {isa = PBXFileReference; lastKnownFileType = image.png; path = "Default@2x.png"; sourceTree = "<group>"; };
		B3609BB717312481003A9744 /* Default-568h@2x.png */ = {isa = PBXFileReference; lastKnownFileType = image.png; path = "Default-568h@2x.png"; sourceTree = "<group>"; };
		B3609BBA17312481003A9744 /* en */ = {isa = PBXFileReference; lastKnownFileType = file.storyboard; name = en; path = en.lproj/MainStoryboard_iPhone.storyboard; sourceTree = "<group>"; };
		B3609BBD17312481003A9744 /* en */ = {isa = PBXFileReference; lastKnownFileType = file.storyboard; name = en; path = en.lproj/MainStoryboard_iPad.storyboard; sourceTree = "<group>"; };
		B3609BBF17312481003A9744 /* FirstViewController.h */ = {isa = PBXFileReference; lastKnownFileType = sourcecode.c.h; path = FirstViewController.h; sourceTree = "<group>"; };
		B3609BC017312481003A9744 /* FirstviewViewController.m */ = {isa = PBXFileReference; lastKnownFileType = sourcecode.c.objc; path = FirstviewViewController.m; sourceTree = "<group>"; };
		B3609BC217312481003A9744 /* first.png */ = {isa = PBXFileReference; lastKnownFileType = image.png; path = first.png; sourceTree = "<group>"; };
		B3609BC417312481003A9744 /* first@2x.png */ = {isa = PBXFileReference; lastKnownFileType = image.png; path = "first@2x.png"; sourceTree = "<group>"; };
		B3609BC617312481003A9744 /* SecondViewController.h */ = {isa = PBXFileReference; lastKnownFileType = sourcecode.c.h; path = SecondViewController.h; sourceTree = "<group>"; };
		B3609BC717312481003A9744 /* SecondViewController.m */ = {isa = PBXFileReference; lastKnownFileType = sourcecode.c.objc; path = SecondViewController.m; sourceTree = "<group>"; };
		B3609BC917312481003A9744 /* second.png */ = {isa = PBXFileReference; lastKnownFileType = image.png; path = second.png; sourceTree = "<group>"; };
		B3609BCB17312481003A9744 /* second@2x.png */ = {isa = PBXFileReference; lastKnownFileType = image.png; path = "second@2x.png"; sourceTree = "<group>"; };
		B3609BD217312481003A9744 /* Scientific MethodTests.octest */ = {isa = PBXFileReference; explicitFileType = wrapper.cfbundle; includeInIndex = 0; path = "Scientific MethodTests.octest"; sourceTree = BUILT_PRODUCTS_DIR; };
		B3609BD317312481003A9744 /* SenTestingKit.framework */ = {isa = PBXFileReference; lastKnownFileType = wrapper.framework; name = SenTestingKit.framework; path = Library/Frameworks/SenTestingKit.framework; sourceTree = DEVELOPER_DIR; };
		B3609BDB17312481003A9744 /* Scientific MethodTests-Info.plist */ = {isa = PBXFileReference; lastKnownFileType = text.plist.xml; path = "Scientific MethodTests-Info.plist"; sourceTree = "<group>"; };
		B3609BDD17312481003A9744 /* en */ = {isa = PBXFileReference; lastKnownFileType = text.plist.strings; name = en; path = en.lproj/InfoPlist.strings; sourceTree = "<group>"; };
		B3609BDF17312481003A9744 /* Scientific_MethodTests.h */ = {isa = PBXFileReference; lastKnownFileType = sourcecode.c.h; path = Scientific_MethodTests.h; sourceTree = "<group>"; };
		B3609BE017312481003A9744 /* Scientific_MethodTests.m */ = {isa = PBXFileReference; lastKnownFileType = sourcecode.c.objc; path = Scientific_MethodTests.m; sourceTree = "<group>"; };
		B366A60717314C7D003CF7B5 /* Icon@2x.png */ = {isa = PBXFileReference; lastKnownFileType = image.png; path = "Icon@2x.png"; sourceTree = "<group>"; };
		B366A60917314D6E003CF7B5 /* Icon.png */ = {isa = PBXFileReference; lastKnownFileType = image.png; path = Icon.png; sourceTree = "<group>"; };
/* End PBXFileReference section */

/* Begin PBXFrameworksBuildPhase section */
		B3609B9B17312481003A9744 /* Frameworks */ = {
			isa = PBXFrameworksBuildPhase;
			buildActionMask = 2147483647;
			files = (
				B3609BA217312481003A9744 /* UIKit.framework in Frameworks */,
				B3609BA417312481003A9744 /* Foundation.framework in Frameworks */,
				B3609BA617312481003A9744 /* CoreGraphics.framework in Frameworks */,
			);
			runOnlyForDeploymentPostprocessing = 0;
		};
		B3609BCE17312481003A9744 /* Frameworks */ = {
			isa = PBXFrameworksBuildPhase;
			buildActionMask = 2147483647;
			files = (
				B3609BD417312481003A9744 /* SenTestingKit.framework in Frameworks */,
				B3609BD517312481003A9744 /* UIKit.framework in Frameworks */,
				B3609BD617312481003A9744 /* Foundation.framework in Frameworks */,
			);
			runOnlyForDeploymentPostprocessing = 0;
		};
/* End PBXFrameworksBuildPhase section */

/* Begin PBXGroup section */
		B3609B9517312481003A9744 = {
			isa = PBXGroup;
			children = (
				B366A60917314D6E003CF7B5 /* Icon.png */,
				B366A60717314C7D003CF7B5 /* Icon@2x.png */,
				B3609BA717312481003A9744 /* Scientific Method */,
				B3609BD917312481003A9744 /* Scientific MethodTests */,
				B3609BA017312481003A9744 /* Frameworks */,
				B3609B9F17312481003A9744 /* Products */,
			);
			sourceTree = "<group>";
		};
		B3609B9F17312481003A9744 /* Products */ = {
			isa = PBXGroup;
			children = (
				B3609B9E17312481003A9744 /* Scientific Method.app */,
				B3609BD217312481003A9744 /* Scientific MethodTests.octest */,
			);
			name = Products;
			sourceTree = "<group>";
		};
		B3609BA017312481003A9744 /* Frameworks */ = {
			isa = PBXGroup;
			children = (
				B3609BA117312481003A9744 /* UIKit.framework */,
				B3609BA317312481003A9744 /* Foundation.framework */,
				B3609BA517312481003A9744 /* CoreGraphics.framework */,
				B3609BD317312481003A9744 /* SenTestingKit.framework */,
			);
			name = Frameworks;
			sourceTree = "<group>";
		};
		B3609BA717312481003A9744 /* Scientific Method */ = {
			isa = PBXGroup;
			children = (
				52EE2C1017314B7B00E6EF41 /* GlossaryViewController.h */,
				52EE2C1117314B7B00E6EF41 /* GlossaryViewController.m */,
				52F589FC17393282000B70BD /* Terms.h */,
				52F589FD17393282000B70BD /* Terms.m */,
				528C0AE9173474F300DD5225 /* terms.plist */,
				528C0AEB17347B8300DD5225 /* Selected.plist */,
				B3609BB017312481003A9744 /* AppDelegate.h */,
				B3609BB117312481003A9744 /* AppDelegate.m */,
				B3609BB917312481003A9744 /* MainStoryboard_iPhone.storyboard */,
				528C0AE61734703A00DD5225 /* GlossaryInfoViewController.h */,
				528C0AE71734703A00DD5225 /* GlossaryInfoViewController.m */,
				52EE2C1317314B9400E6EF41 /* ModelsViewController.h */,
				52EE2C1417314B9400E6EF41 /* ModelsViewController.m */,
				B3609BBC17312481003A9744 /* MainStoryboard_iPad.storyboard */,
				B3609BBF17312481003A9744 /* FirstViewController.h */,
				B3609BC017312481003A9744 /* FirstviewViewController.m */,
				B3609BC217312481003A9744 /* first.png */,
				B3609BC417312481003A9744 /* first@2x.png */,
				B3609BC617312481003A9744 /* SecondViewController.h */,
				B3609BC717312481003A9744 /* SecondViewController.m */,
				B3609BC917312481003A9744 /* second.png */,
				B3609BCB17312481003A9744 /* second@2x.png */,
				B3609BA817312481003A9744 /* Supporting Files */,
			);
			path = "Scientific Method";
			sourceTree = "<group>";
		};
		B3609BA817312481003A9744 /* Supporting Files */ = {
			isa = PBXGroup;
			children = (
				B3609BA917312481003A9744 /* Scientific Method-Info.plist */,
				B3609BAA17312481003A9744 /* InfoPlist.strings */,
				B3609BAD17312481003A9744 /* main.m */,
				B3609BAF17312481003A9744 /* Scientific Method-Prefix.pch */,
				B3609BB317312481003A9744 /* Default.png */,
				B3609BB517312481003A9744 /* Default@2x.png */,
				B3609BB717312481003A9744 /* Default-568h@2x.png */,
			);
			name = "Supporting Files";
			sourceTree = "<group>";
		};
		B3609BD917312481003A9744 /* Scientific MethodTests */ = {
			isa = PBXGroup;
			children = (
				B3609BDF17312481003A9744 /* Scientific_MethodTests.h */,
				B3609BE017312481003A9744 /* Scientific_MethodTests.m */,
				B3609BDA17312481003A9744 /* Supporting Files */,
			);
			path = "Scientific MethodTests";
			sourceTree = "<group>";
		};
		B3609BDA17312481003A9744 /* Supporting Files */ = {
			isa = PBXGroup;
			children = (
				B3609BDB17312481003A9744 /* Scientific MethodTests-Info.plist */,
				B3609BDC17312481003A9744 /* InfoPlist.strings */,
			);
			name = "Supporting Files";
			sourceTree = "<group>";
		};
/* End PBXGroup section */

/* Begin PBXNativeTarget section */
		B3609B9D17312481003A9744 /* Scientific Method */ = {
			isa = PBXNativeTarget;
			buildConfigurationList = B3609BE417312481003A9744 /* Build configuration list for PBXNativeTarget "Scientific Method" */;
			buildPhases = (
				B3609B9A17312481003A9744 /* Sources */,
				B3609B9B17312481003A9744 /* Frameworks */,
				B3609B9C17312481003A9744 /* Resources */,
			);
			buildRules = (
			);
			dependencies = (
			);
			name = "Scientific Method";
			productName = "Scientific Method";
			productReference = B3609B9E17312481003A9744 /* Scientific Method.app */;
			productType = "com.apple.product-type.application";
		};
		B3609BD117312481003A9744 /* Scientific MethodTests */ = {
			isa = PBXNativeTarget;
			buildConfigurationList = B3609BE717312481003A9744 /* Build configuration list for PBXNativeTarget "Scientific MethodTests" */;
			buildPhases = (
				B3609BCD17312481003A9744 /* Sources */,
				B3609BCE17312481003A9744 /* Frameworks */,
				B3609BCF17312481003A9744 /* Resources */,
				B3609BD017312481003A9744 /* ShellScript */,
			);
			buildRules = (
			);
			dependencies = (
				B3609BD817312481003A9744 /* PBXTargetDependency */,
			);
			name = "Scientific MethodTests";
			productName = "Scientific MethodTests";
			productReference = B3609BD217312481003A9744 /* Scientific MethodTests.octest */;
			productType = "com.apple.product-type.bundle";
		};
/* End PBXNativeTarget section */

/* Begin PBXProject section */
		B3609B9617312481003A9744 /* Project object */ = {
			isa = PBXProject;
			attributes = {
				LastUpgradeCheck = 0460;
				ORGANIZATIONNAME = Lordtechy;
			};
			buildConfigurationList = B3609B9917312481003A9744 /* Build configuration list for PBXProject "Scientific Method" */;
			compatibilityVersion = "Xcode 3.2";
			developmentRegion = English;
			hasScannedForEncodings = 0;
			knownRegions = (
				en,
			);
			mainGroup = B3609B9517312481003A9744;
			productRefGroup = B3609B9F17312481003A9744 /* Products */;
			projectDirPath = "";
			projectRoot = "";
			targets = (
				B3609B9D17312481003A9744 /* Scientific Method */,
				B3609BD117312481003A9744 /* Scientific MethodTests */,
			);
		};
/* End PBXProject section */

/* Begin PBXResourcesBuildPhase section */
		B3609B9C17312481003A9744 /* Resources */ = {
			isa = PBXResourcesBuildPhase;
			buildActionMask = 2147483647;
			files = (
				B3609BAC17312481003A9744 /* InfoPlist.strings in Resources */,
				B3609BB417312481003A9744 /* Default.png in Resources */,
				B3609BB617312481003A9744 /* Default@2x.png in Resources */,
				B3609BB817312481003A9744 /* Default-568h@2x.png in Resources */,
				B3609BBB17312481003A9744 /* MainStoryboard_iPhone.storyboard in Resources */,
				B3609BBE17312481003A9744 /* MainStoryboard_iPad.storyboard in Resources */,
				B3609BC317312481003A9744 /* first.png in Resources */,
				B3609BC517312481003A9744 /* first@2x.png in Resources */,
				B3609BCA17312481003A9744 /* second.png in Resources */,
				B3609BCC17312481003A9744 /* second@2x.png in Resources */,
				B366A60817314C7D003CF7B5 /* Icon@2x.png in Resources */,
				B366A60A17314D6E003CF7B5 /* Icon.png in Resources */,
				528C0AEA173474F300DD5225 /* terms.plist in Resources */,
				528C0AEC17347B8300DD5225 /* Selected.plist in Resources */,
			);
			runOnlyForDeploymentPostprocessing = 0;
		};
		B3609BCF17312481003A9744 /* Resources */ = {
			isa = PBXResourcesBuildPhase;
			buildActionMask = 2147483647;
			files = (
				B3609BDE17312481003A9744 /* InfoPlist.strings in Resources */,
			);
			runOnlyForDeploymentPostprocessing = 0;
		};
/* End PBXResourcesBuildPhase section */

/* Begin PBXShellScriptBuildPhase section */
		B3609BD017312481003A9744 /* ShellScript */ = {
			isa = PBXShellScriptBuildPhase;
			buildActionMask = 2147483647;
			files = (
			);
			inputPaths = (
			);
			outputPaths = (
			);
			runOnlyForDeploymentPostprocessing = 0;
			shellPath = /bin/sh;
			shellScript = "# Run the unit tests in this test bundle.\n\"${SYSTEM_DEVELOPER_DIR}/Tools/RunUnitTests\"\n";
		};
/* End PBXShellScriptBuildPhase section */

/* Begin PBXSourcesBuildPhase section */
		B3609B9A17312481003A9744 /* Sources */ = {
			isa = PBXSourcesBuildPhase;
			buildActionMask = 2147483647;
			files = (
				B3609BAE17312481003A9744 /* main.m in Sources */,
				B3609BB217312481003A9744 /* AppDelegate.m in Sources */,
				B3609BC117312481003A9744 /* FirstviewViewController.m in Sources */,
				B3609BC817312481003A9744 /* SecondViewController.m in Sources */,
				52EE2C1217314B7B00E6EF41 /* GlossaryViewController.m in Sources */,
				52EE2C1517314B9400E6EF41 /* ModelsViewController.m in Sources */,
				528C0AE81734703A00DD5225 /* GlossaryInfoViewController.m in Sources */,
				52F589FE17393282000B70BD /* Terms.m in Sources */,
			);
			runOnlyForDeploymentPostprocessing = 0;
		};
		B3609BCD17312481003A9744 /* Sources */ = {
			isa = PBXSourcesBuildPhase;
			buildActionMask = 2147483647;
			files = (
				B3609BE117312481003A9744 /* Scientific_MethodTests.m in Sources */,
			);
			runOnlyForDeploymentPostprocessing = 0;
		};
/* End PBXSourcesBuildPhase section */

/* Begin PBXTargetDependency section */
		B3609BD817312481003A9744 /* PBXTargetDependency */ = {
			isa = PBXTargetDependency;
			target = B3609B9D17312481003A9744 /* Scientific Method */;
			targetProxy = B3609BD717312481003A9744 /* PBXContainerItemProxy */;
		};
/* End PBXTargetDependency section */

/* Begin PBXVariantGroup section */
		B3609BAA17312481003A9744 /* InfoPlist.strings */ = {
			isa = PBXVariantGroup;
			children = (
				B3609BAB17312481003A9744 /* en */,
			);
			name = InfoPlist.strings;
			sourceTree = "<group>";
		};
		B3609BB917312481003A9744 /* MainStoryboard_iPhone.storyboard */ = {
			isa = PBXVariantGroup;
			children = (
				B3609BBA17312481003A9744 /* en */,
			);
			name = MainStoryboard_iPhone.storyboard;
			sourceTree = "<group>";
		};
		B3609BBC17312481003A9744 /* MainStoryboard_iPad.storyboard */ = {
			isa = PBXVariantGroup;
			children = (
				B3609BBD17312481003A9744 /* en */,
			);
			name = MainStoryboard_iPad.storyboard;
			sourceTree = "<group>";
		};
		B3609BDC17312481003A9744 /* InfoPlist.strings */ = {
			isa = PBXVariantGroup;
			children = (
				B3609BDD17312481003A9744 /* en */,
			);
			name = InfoPlist.strings;
			sourceTree = "<group>";
		};
/* End PBXVariantGroup section */

/* Begin XCBuildConfiguration section */
		B3609BE217312481003A9744 /* Debug */ = {
			isa = XCBuildConfiguration;
			buildSettings = {
				ALWAYS_SEARCH_USER_PATHS = NO;
				CLANG_CXX_LANGUAGE_STANDARD = "gnu++0x";
				CLANG_CXX_LIBRARY = "libc++";
				CLANG_ENABLE_OBJC_ARC = YES;
				CLANG_WARN_CONSTANT_CONVERSION = YES;
				CLANG_WARN_EMPTY_BODY = YES;
				CLANG_WARN_ENUM_CONVERSION = YES;
				CLANG_WARN_INT_CONVERSION = YES;
				CLANG_WARN__DUPLICATE_METHOD_MATCH = YES;
				"CODE_SIGN_IDENTITY[sdk=iphoneos*]" = "iPhone Developer";
				COPY_PHASE_STRIP = NO;
				GCC_C_LANGUAGE_STANDARD = gnu99;
				GCC_DYNAMIC_NO_PIC = NO;
				GCC_OPTIMIZATION_LEVEL = 0;
				GCC_PREPROCESSOR_DEFINITIONS = (
					"DEBUG=1",
					"$(inherited)",
				);
				GCC_SYMBOLS_PRIVATE_EXTERN = NO;
				GCC_WARN_ABOUT_RETURN_TYPE = YES;
				GCC_WARN_UNINITIALIZED_AUTOS = YES;
				GCC_WARN_UNUSED_VARIABLE = YES;
				IPHONEOS_DEPLOYMENT_TARGET = 6.1;
				ONLY_ACTIVE_ARCH = YES;
				SDKROOT = iphoneos;
				TARGETED_DEVICE_FAMILY = "1,2";
			};
			name = Debug;
		};
		B3609BE317312481003A9744 /* Release */ = {
			isa = XCBuildConfiguration;
			buildSettings = {
				ALWAYS_SEARCH_USER_PATHS = NO;
				CLANG_CXX_LANGUAGE_STANDARD = "gnu++0x";
				CLANG_CXX_LIBRARY = "libc++";
				CLANG_ENABLE_OBJC_ARC = YES;
				CLANG_WARN_CONSTANT_CONVERSION = YES;
				CLANG_WARN_EMPTY_BODY = YES;
				CLANG_WARN_ENUM_CONVERSION = YES;
				CLANG_WARN_INT_CONVERSION = YES;
				CLANG_WARN__DUPLICATE_METHOD_MATCH = YES;
				"CODE_SIGN_IDENTITY[sdk=iphoneos*]" = "iPhone Developer";
				COPY_PHASE_STRIP = YES;
				GCC_C_LANGUAGE_STANDARD = gnu99;
				GCC_WARN_ABOUT_RETURN_TYPE = YES;
				GCC_WARN_UNINITIALIZED_AUTOS = YES;
				GCC_WARN_UNUSED_VARIABLE = YES;
				IPHONEOS_DEPLOYMENT_TARGET = 6.1;
				OTHER_CFLAGS = "-DNS_BLOCK_ASSERTIONS=1";
				SDKROOT = iphoneos;
				TARGETED_DEVICE_FAMILY = "1,2";
				VALIDATE_PRODUCT = YES;
			};
			name = Release;
		};
		B3609BE517312481003A9744 /* Debug */ = {
			isa = XCBuildConfiguration;
			buildSettings = {
				GCC_PRECOMPILE_PREFIX_HEADER = YES;
				GCC_PREFIX_HEADER = "Scientific Method/Scientific Method-Prefix.pch";
				INFOPLIST_FILE = "Scientific Method/Scientific Method-Info.plist";
				PRODUCT_NAME = "$(TARGET_NAME)";
				WRAPPER_EXTENSION = app;
			};
			name = Debug;
		};
		B3609BE617312481003A9744 /* Release */ = {
			isa = XCBuildConfiguration;
			buildSettings = {
				GCC_PRECOMPILE_PREFIX_HEADER = YES;
				GCC_PREFIX_HEADER = "Scientific Method/Scientific Method-Prefix.pch";
				INFOPLIST_FILE = "Scientific Method/Scientific Method-Info.plist";
				PRODUCT_NAME = "$(TARGET_NAME)";
				WRAPPER_EXTENSION = app;
			};
			name = Release;
		};
		B3609BE817312481003A9744 /* Debug */ = {
			isa = XCBuildConfiguration;
			buildSettings = {
				BUNDLE_LOADER = "$(BUILT_PRODUCTS_DIR)/Scientific Method.app/Scientific Method";
				FRAMEWORK_SEARCH_PATHS = (
					"\"$(SDKROOT)/Developer/Library/Frameworks\"",
					"\"$(DEVELOPER_LIBRARY_DIR)/Frameworks\"",
				);
				GCC_PRECOMPILE_PREFIX_HEADER = YES;
				GCC_PREFIX_HEADER = "Scientific Method/Scientific Method-Prefix.pch";
				INFOPLIST_FILE = "Scientific MethodTests/Scientific MethodTests-Info.plist";
				PRODUCT_NAME = "$(TARGET_NAME)";
				TEST_HOST = "$(BUNDLE_LOADER)";
				WRAPPER_EXTENSION = octest;
			};
			name = Debug;
		};
		B3609BE917312481003A9744 /* Release */ = {
			isa = XCBuildConfiguration;
			buildSettings = {
				BUNDLE_LOADER = "$(BUILT_PRODUCTS_DIR)/Scientific Method.app/Scientific Method";
				FRAMEWORK_SEARCH_PATHS = (
					"\"$(SDKROOT)/Developer/Library/Frameworks\"",
					"\"$(DEVELOPER_LIBRARY_DIR)/Frameworks\"",
				);
				GCC_PRECOMPILE_PREFIX_HEADER = YES;
				GCC_PREFIX_HEADER = "Scientific Method/Scientific Method-Prefix.pch";
				INFOPLIST_FILE = "Scientific MethodTests/Scientific MethodTests-Info.plist";
				PRODUCT_NAME = "$(TARGET_NAME)";
				TEST_HOST = "$(BUNDLE_LOADER)";
				WRAPPER_EXTENSION = octest;
			};
			name = Release;
		};
/* End XCBuildConfiguration section */

/* Begin XCConfigurationList section */
		B3609B9917312481003A9744 /* Build configuration list for PBXProject "Scientific Method" */ = {
			isa = XCConfigurationList;
			buildConfigurations = (
				B3609BE217312481003A9744 /* Debug */,
				B3609BE317312481003A9744 /* Release */,
			);
			defaultConfigurationIsVisible = 0;
			defaultConfigurationName = Release;
		};
		B3609BE417312481003A9744 /* Build configuration list for PBXNativeTarget "Scientific Method" */ = {
			isa = XCConfigurationList;
			buildConfigurations = (
				B3609BE517312481003A9744 /* Debug */,
				B3609BE617312481003A9744 /* Release */,
			);
			defaultConfigurationIsVisible = 0;
			defaultConfigurationName = Release;
		};
		B3609BE717312481003A9744 /* Build configuration list for PBXNativeTarget "Scientific MethodTests" */ = {
			isa = XCConfigurationList;
			buildConfigurations = (
				B3609BE817312481003A9744 /* Debug */,
				B3609BE917312481003A9744 /* Release */,
			);
			defaultConfigurationIsVisible = 0;
			defaultConfigurationName = Release;
		};
/* End XCConfigurationList section */
	};
	rootObject = B3609B9617312481003A9744 /* Project object */;
}
